
Microsoft Visual Studio Solution File, Format Version 12.00
# Visual Studio Version 17
VisualStudioVersion = 17.5.002.0
MinimumVisualStudioVersion = 10.0.40219.1
Project("{9A19103F-16F7-4668-BE54-9A1E7A4F7556}") = "Ticket", "Ticket.csproj", "{A392E806-740D-43E8-9487-377B46A7E485}"
EndProject
Global
	GlobalSection(SolutionConfigurationPlatforms) = preSolution
		Debug|Any CPU = Debug|Any CPU
		Release|Any CPU = Release|Any CPU
	EndGlobalSection
	GlobalSection(ProjectConfigurationPlatforms) = postSolution
		{A392E806-740D-43E8-9487-377B46A7E485}.Debug|Any CPU.ActiveCfg = Debug|Any CPU
		{A392E806-740D-43E8-9487-377B46A7E485}.Debug|Any CPU.Build.0 = Debug|Any CPU
		{A392E806-740D-43E8-9487-377B46A7E485}.Release|Any CPU.ActiveCfg = Release|Any CPU
		{A392E806-740D-43E8-9487-377B46A7E485}.Release|Any CPU.Build.0 = Release|Any CPU
	EndGlobalSection
	GlobalSection(SolutionProperties) = preSolution
		HideSolutionNode = FALSE
	EndGlobalSection
	GlobalSection(ExtensibilityGlobals) = postSolution
		SolutionGuid = {8ED62356-D268-4FC1-9D3F-0EEC2E4245C5}
	EndGlobalSection
EndGlobal
